
Microsoft Visual Studio Solution File, Format Version 12.00
# Visual Studio Version 17
VisualStudioVersion = 17.1.32210.238
MinimumVisualStudioVersion = 10.0.40219.1
Project("{9A19103F-16F7-4668-BE54-9A1E7A4F7556}") = "FirstApp", "FirstApp\FirstApp.csproj", "{082CC8EE-CA4E-477D-9AFD-D8070296409A}"
EndProject
Project("{FAE04EC0-301F-11D3-BF4B-00C04F79EFBC}") = "WebApplication1", "WebApplication1\WebApplication1.csproj", "{37D22109-9520-4344-B12D-51B1EB674681}"
EndProject
Global
	GlobalSection(SolutionConfigurationPlatforms) = preSolution
		Debug|Any CPU = Debug|Any CPU
		Release|Any CPU = Release|Any CPU
	EndGlobalSection
	GlobalSection(ProjectConfigurationPlatforms) = postSolution
		{082CC8EE-CA4E-477D-9AFD-D8070296409A}.Debug|Any CPU.ActiveCfg = Debug|Any CPU
		{082CC8EE-CA4E-477D-9AFD-D8070296409A}.Debug|Any CPU.Build.0 = Debug|Any CPU
		{082CC8EE-CA4E-477D-9AFD-D8070296409A}.Release|Any CPU.ActiveCfg = Release|Any CPU
		{082CC8EE-CA4E-477D-9AFD-D8070296409A}.Release|Any CPU.Build.0 = Release|Any CPU
		{37D22109-9520-4344-B12D-51B1EB674681}.Debug|Any CPU.ActiveCfg = Debug|Any CPU
		{37D22109-9520-4344-B12D-51B1EB674681}.Debug|Any CPU.Build.0 = Debug|Any CPU
		{37D22109-9520-4344-B12D-51B1EB674681}.Release|Any CPU.ActiveCfg = Release|Any CPU
		{37D22109-9520-4344-B12D-51B1EB674681}.Release|Any CPU.Build.0 = Release|Any CPU
	EndGlobalSection
	GlobalSection(SolutionProperties) = preSolution
		HideSolutionNode = FALSE
	EndGlobalSection
	GlobalSection(ExtensibilityGlobals) = postSolution
		SolutionGuid = {BDAFFE28-DF4D-4166-AF17-4B9BA5D9D949}
	EndGlobalSection
EndGlobal
